Microsoft Visual Studio Solution File, Format Version 12.00
# Visual Studio Version 17
VisualStudioVersion = 17.5.2.0
MinimumVisualStudioVersion = 10.0.40219.1
Project("{2150E333-8FDC-42A3-9474-1A3956D46DE8}") = "backend", "backend", "{1AE8ACA6-933B-BF2A-3671-3E2EAC007D16}"
EndProject
Project("{FAE04EC0-301F-11D3-BF4B-00C04F79EFBC}") = "AiLootGenerator.RestApi", "backend\src\AiLootGenerator.RestApi.csproj", "{F04D6431-B520-CCD7-230D-90F03B240D1D}"
EndProject
Project("{FAE04EC0-301F-11D3-BF4B-00C04F79EFBC}") = "AiLootGenerator.RestApi.Tests", "backend\tests\AiLootGenerator.RestApi.Tests.csproj", "{059C9FE9-9C52-BEC9-F01C-6EBCD9F3D3A9}"
EndProject
Global
	GlobalSection(SolutionConfigurationPlatforms) = preSolution
		Debug|Any CPU = Debug|Any CPU
		Release|Any CPU = Release|Any CPU
	EndGlobalSection
	GlobalSection(ProjectConfigurationPlatforms) = postSolution
		{F04D6431-B520-CCD7-230D-90F03B240D1D}.Debug|Any CPU.ActiveCfg = Debug|Any CPU
		{F04D6431-B520-CCD7-230D-90F03B240D1D}.Debug|Any CPU.Build.0 = Debug|Any CPU
		{F04D6431-B520-CCD7-230D-90F03B240D1D}.Release|Any CPU.ActiveCfg = Release|Any CPU
		{F04D6431-B520-CCD7-230D-90F03B240D1D}.Release|Any CPU.Build.0 = Release|Any CPU
		{059C9FE9-9C52-BEC9-F01C-6EBCD9F3D3A9}.Debug|Any CPU.ActiveCfg = Debug|Any CPU
		{059C9FE9-9C52-BEC9-F01C-6EBCD9F3D3A9}.Debug|Any CPU.Build.0 = Debug|Any CPU
		{059C9FE9-9C52-BEC9-F01C-6EBCD9F3D3A9}.Release|Any CPU.ActiveCfg = Release|Any CPU
		{059C9FE9-9C52-BEC9-F01C-6EBCD9F3D3A9}.Release|Any CPU.Build.0 = Release|Any CPU
	EndGlobalSection
	GlobalSection(SolutionProperties) = preSolution
		HideSolutionNode = FALSE
	EndGlobalSection
	GlobalSection(NestedProjects) = preSolution
		{F04D6431-B520-CCD7-230D-90F03B240D1D} = {1AE8ACA6-933B-BF2A-3671-3E2EAC007D16}
		{059C9FE9-9C52-BEC9-F01C-6EBCD9F3D3A9} = {1AE8ACA6-933B-BF2A-3671-3E2EAC007D16}
	EndGlobalSection
	GlobalSection(ExtensibilityGlobals) = postSolution
		SolutionGuid = {7CD1BD9D-5CBB-44FB-9E2E-14BAEFDCAF64}
	EndGlobalSection
EndGlobal
